
Microsoft Visual Studio Solution File, Format Version 12.00
# Visual Studio Version 17
VisualStudioVersion = 17.14.36408.4 d17.14
MinimumVisualStudioVersion = 10.0.40219.1
Project("{FAE04EC0-301F-11D3-BF4B-00C04F79EFBC}") = "procesos en segundo plano", "procesos en segundo plano\procesos en segundo plano.csproj", "{31F41D9B-D7C1-459A-9855-EE404EBBF7CF}"
EndProject
Global
	GlobalSection(SolutionConfigurationPlatforms) = preSolution
		Debug|Any CPU = Debug|Any CPU
		Release|Any CPU = Release|Any CPU
	EndGlobalSection
	GlobalSection(ProjectConfigurationPlatforms) = postSolution
		{31F41D9B-D7C1-459A-9855-EE404EBBF7CF}.Debug|Any CPU.ActiveCfg = Debug|Any CPU
		{31F41D9B-D7C1-459A-9855-EE404EBBF7CF}.Debug|Any CPU.Build.0 = Debug|Any CPU
		{31F41D9B-D7C1-459A-9855-EE404EBBF7CF}.Release|Any CPU.ActiveCfg = Release|Any CPU
		{31F41D9B-D7C1-459A-9855-EE404EBBF7CF}.Release|Any CPU.Build.0 = Release|Any CPU
	EndGlobalSection
	GlobalSection(SolutionProperties) = preSolution
		HideSolutionNode = FALSE
	EndGlobalSection
	GlobalSection(ExtensibilityGlobals) = postSolution
		SolutionGuid = {8DA842B1-7254-4FDF-A28C-64CCCB9B10CF}
	EndGlobalSection
EndGlobal
